PODS:
  - Alamofire (4.7.0)
  - AlamofireImage (3.3.0):
    - Alamofire (~> 4.5)
  - SWXMLHash (4.0.0)

DEPENDENCIES:
  - Alamofire (~> 4.7)
  - AlamofireImage (~> 3.3)
  - SWXMLHash (~> 4.0.0)

SPEC REPOS:
  https://github.com/CocoaPods/Specs.git:
    - Alamofire
    - AlamofireImage
    - SWXMLHash

SPEC CHECKSUMS:
  Alamofire: 907e0a98eb68cdb7f9d1f541a563d6ac5dc77b25
  AlamofireImage: 2e784dc5d00f04903a52c1d169181469c805c3df
  SWXMLHash: 6bbc0bf72975a18ceda469fb7d6a886a26d81694

PODFILE CHECKSUM: 3546fee8f458f52897b67c59d3a3906ac1e68546

COCOAPODS: 1.5.0
